PODS:
  - FlutterMacOS (1.0.0)
  - freetds (1.0.0):
    - FlutterMacOS

DEPENDENCIES:
  - FlutterMacOS (from `Flutter/ephemeral`)
  - freetds (from `Flutter/ephemeral/.symlinks/plugins/freetds/macos`)

EXTERNAL SOURCES:
  FlutterMacOS:
    :path: Flutter/ephemeral
  freetds:
    :path: Flutter/ephemeral/.symlinks/plugins/freetds/macos

SPEC CHECKSUMS:
  FlutterMacOS: 8f6f14fa908a6fb3fba0cd85dbd81ec4b251fb24
  freetds: 91d521a56495ab56c91a3c3d7b2c0a8c5ecb47bb

PODFILE CHECKSUM: 236401fc2c932af29a9fcf0e97baeeb2d750d367

COCOAPODS: 1.12.1
